
Microsoft Visual Studio Solution File, Format Version 12.00
# Visual Studio Version 17
VisualStudioVersion = 17.3.32819.101
MinimumVisualStudioVersion = 10.0.40219.1
Project("{FAE04EC0-301F-11D3-BF4B-00C04F79EFBC}") = "Return_Tyype", "Return_Tyype\Return_Tyype.csproj", "{138FD46B-C14E-4536-8CFD-F2537488F41F}"
EndProject
Global
	GlobalSection(SolutionConfigurationPlatforms) = preSolution
		Debug|Any CPU = Debug|Any CPU
		Release|Any CPU = Release|Any CPU
	EndGlobalSection
	GlobalSection(ProjectConfigurationPlatforms) = postSolution
		{138FD46B-C14E-4536-8CFD-F2537488F41F}.Debug|Any CPU.ActiveCfg = Debug|Any CPU
		{138FD46B-C14E-4536-8CFD-F2537488F41F}.Debug|Any CPU.Build.0 = Debug|Any CPU
		{138FD46B-C14E-4536-8CFD-F2537488F41F}.Release|Any CPU.ActiveCfg = Release|Any CPU
		{138FD46B-C14E-4536-8CFD-F2537488F41F}.Release|Any CPU.Build.0 = Release|Any CPU
	EndGlobalSection
	GlobalSection(SolutionProperties) = preSolution
		HideSolutionNode = FALSE
	EndGlobalSection
	GlobalSection(ExtensibilityGlobals) = postSolution
		SolutionGuid = {F9B728FC-64D0-4B17-AB56-DA62DFB62D9C}
	EndGlobalSection
EndGlobal
